
Microsoft Visual Studio Solution File, Format Version 12.00
# Visual Studio Version 17
VisualStudioVersion = 17.6.33829.357
MinimumVisualStudioVersion = 10.0.40219.1
Project("{FAE04EC0-301F-11D3-BF4B-00C04F79EFBC}") = "proNETzadanie14", "proNETzadanie14\proNETzadanie14.csproj", "{1BF64899-3FE1-4794-A610-EACC14A32CAC}"
EndProject
Global
	GlobalSection(SolutionConfigurationPlatforms) = preSolution
		Debug|Any CPU = Debug|Any CPU
		Release|Any CPU = Release|Any CPU
	EndGlobalSection
	GlobalSection(ProjectConfigurationPlatforms) = postSolution
		{1BF64899-3FE1-4794-A610-EACC14A32CAC}.Debug|Any CPU.ActiveCfg = Debug|Any CPU
		{1BF64899-3FE1-4794-A610-EACC14A32CAC}.Debug|Any CPU.Build.0 = Debug|Any CPU
		{1BF64899-3FE1-4794-A610-EACC14A32CAC}.Release|Any CPU.ActiveCfg = Release|Any CPU
		{1BF64899-3FE1-4794-A610-EACC14A32CAC}.Release|Any CPU.Build.0 = Release|Any CPU
	EndGlobalSection
	GlobalSection(SolutionProperties) = preSolution
		HideSolutionNode = FALSE
	EndGlobalSection
	GlobalSection(ExtensibilityGlobals) = postSolution
		SolutionGuid = {D328946B-6B06-415B-A712-D982B8CE0B0D}
	EndGlobalSection
EndGlobal
